
Microsoft Visual Studio Solution File, Format Version 12.00
# Visual Studio Version 17
VisualStudioVersion = 17.3.32804.467
MinimumVisualStudioVersion = 10.0.40219.1
Project("{FAE04EC0-301F-11D3-BF4B-00C04F79EFBC}") = "labor12", "labor12\labor12.csproj", "{DBB5240B-AD9B-4078-B2ED-918D9F9EB408}"
EndProject
Global
	GlobalSection(SolutionConfigurationPlatforms) = preSolution
		Debug|Any CPU = Debug|Any CPU
		Release|Any CPU = Release|Any CPU
	EndGlobalSection
	GlobalSection(ProjectConfigurationPlatforms) = postSolution
		{DBB5240B-AD9B-4078-B2ED-918D9F9EB408}.Debug|Any CPU.ActiveCfg = Debug|Any CPU
		{DBB5240B-AD9B-4078-B2ED-918D9F9EB408}.Debug|Any CPU.Build.0 = Debug|Any CPU
		{DBB5240B-AD9B-4078-B2ED-918D9F9EB408}.Release|Any CPU.ActiveCfg = Release|Any CPU
		{DBB5240B-AD9B-4078-B2ED-918D9F9EB408}.Release|Any CPU.Build.0 = Release|Any CPU
	EndGlobalSection
	GlobalSection(SolutionProperties) = preSolution
		HideSolutionNode = FALSE
	EndGlobalSection
	GlobalSection(ExtensibilityGlobals) = postSolution
		SolutionGuid = {CFE42B5E-83B3-4BEC-A60A-117652974121}
	EndGlobalSection
EndGlobal
